
Microsoft Visual Studio Solution File, Format Version 12.00
# Visual Studio Version 16
VisualStudioVersion = 16.0.31229.75
MinimumVisualStudioVersion = 10.0.40219.1
Project("{9A19103F-16F7-4668-BE54-9A1E7A4F7556}") = "FeedMe.DataAccess", "FeedMe.DataAccess\FeedMe.DataAccess.csproj", "{0B7D1FF8-6D8C-4089-82B6-69BE7DCFB0B8}"
EndProject
Project("{9A19103F-16F7-4668-BE54-9A1E7A4F7556}") = "FeedMe.Models", "FeedMe.Models\FeedMe.Models.csproj", "{57CB618B-1483-4E2C-AD5F-423EB49E2DB0}"
EndProject
Project("{FAE04EC0-301F-11D3-BF4B-00C04F79EFBC}") = "FeedMe", "FeedMe\FeedMe.csproj", "{E0027E59-3F50-4F00-A900-D9E3DC3D87EB}"
EndProject
Global
	GlobalSection(SolutionConfigurationPlatforms) = preSolution
		Debug|Any CPU = Debug|Any CPU
		Release|Any CPU = Release|Any CPU
	EndGlobalSection
	GlobalSection(ProjectConfigurationPlatforms) = postSolution
		{0B7D1FF8-6D8C-4089-82B6-69BE7DCFB0B8}.Debug|Any CPU.ActiveCfg = Debug|Any CPU
		{0B7D1FF8-6D8C-4089-82B6-69BE7DCFB0B8}.Debug|Any CPU.Build.0 = Debug|Any CPU
		{0B7D1FF8-6D8C-4089-82B6-69BE7DCFB0B8}.Release|Any CPU.ActiveCfg = Release|Any CPU
		{0B7D1FF8-6D8C-4089-82B6-69BE7DCFB0B8}.Release|Any CPU.Build.0 = Release|Any CPU
		{57CB618B-1483-4E2C-AD5F-423EB49E2DB0}.Debug|Any CPU.ActiveCfg = Debug|Any CPU
		{57CB618B-1483-4E2C-AD5F-423EB49E2DB0}.Debug|Any CPU.Build.0 = Debug|Any CPU
		{57CB618B-1483-4E2C-AD5F-423EB49E2DB0}.Release|Any CPU.ActiveCfg = Release|Any CPU
		{57CB618B-1483-4E2C-AD5F-423EB49E2DB0}.Release|Any CPU.Build.0 = Release|Any CPU
		{E0027E59-3F50-4F00-A900-D9E3DC3D87EB}.Debug|Any CPU.ActiveCfg = Debug|Any CPU
		{E0027E59-3F50-4F00-A900-D9E3DC3D87EB}.Debug|Any CPU.Build.0 = Debug|Any CPU
		{E0027E59-3F50-4F00-A900-D9E3DC3D87EB}.Release|Any CPU.ActiveCfg = Release|Any CPU
		{E0027E59-3F50-4F00-A900-D9E3DC3D87EB}.Release|Any CPU.Build.0 = Release|Any CPU
	EndGlobalSection
	GlobalSection(SolutionProperties) = preSolution
		HideSolutionNode = FALSE
	EndGlobalSection
	GlobalSection(ExtensibilityGlobals) = postSolution
		SolutionGuid = {1B2F5F10-DABB-46C3-88F6-F0E7BCDCE675}
	EndGlobalSection
EndGlobal
